{
    "name": "@ptolemy2002/js-utils",
    "version": "3.3.2",
    "lockfileVersion": 3,
    "requires": true,
    "packages": {
        "": {
            "name": "@ptolemy2002/js-utils",
            "version": "3.3.2",
            "hasInstallScript": true,
            "devDependencies": {}
        }
    }
}
